github.com/aviddiviner/go-murmur v0.0.0-20150519214947-b9740d71e571 h1:seCdAEDyB0Hti/v1VajB7pAOIk9zmz/0/KE0D0oFqnc=
github.com/aviddiviner/go-murmur v0.0.0-20150519214947-b9740d71e571/go.mod h1:VzSzsYCY3W9xWYWD8T2GLDidWTe5rTZv+UdDMGhLfjg=
github.com/davecgh/go-spew v1.1.0/go.mod h1:J7Y8YcW2NihsgmVo/mv3lAwl/skON4iLHjSsI+c5H38=
github.com/davecgh/go-spew v1.1.1 h1:vj9j/u1bqnvCEfJOwUhtlOARqs3+rkHYY13jYWTU97c=
github.com/davecgh/go-spew v1.1.1/go.mod h1:J7Y8YcW2NihsgmVo/mv3lAwl/skON4iLHjSsI+c5H38=
github.com/google/btree v1.1.2 h1:xf4v41cLI2Z6FxbKm+8Bu+m8ifhj15JuZ9sa0jZCMUU=
github.com/google/btree v1.1.2/go.mod h1:qOPhT0dTNdNzV6Z/lhRX0YXUafgPLFUh+gZMl761Gm4=
github.com/huandu/go-assert v1.1.5 h1:fjemmA7sSfYHJD7CUqs9qTwwfdNAx7/j2/ZlHXzNB3c=
github.com/huandu/go-assert v1.1.5/go.mod h1:yOLvuqZwmcHIC5rIzrBhT7D3Q9c3GFnd0JrPVhn/06U=
github.com/huandu/skiplist v1.2.0 h1:gox56QD77HzSC0w+Ws3MH3iie755GBJU1OER3h5VsYw=
github.com/huandu/skiplist v1.2.0/go.mod h1:7v3iFjLcSAzO4fN5B8dvebvo/qsfumiLiDXMrPiHF9w=
github.com/pmezard/go-difflib v1.0.0 h1:4DBwDE0NGyQoBHbLQYPwSUPoCMWR5BEzIk/f1lZbAQM=
github.com/pmezard/go-difflib v1.0.0/go.mod h1:iKH77koFhYxTK1pcRnkKkqfTogsbg7gZNVY4sRDYZ/4=
github.com/samber/lo v1.33.0 h1:2aKucr+rQV6gHpY3bpeZu69uYoQOzVhGT3J22Op6Cjk=
github.com/samber/lo v1.33.0/go.mod h1:HLeWcJRRyLKp3+/XBJvOrerCQn9mhdKMHyd7IRlgeQ8=
github.com/stretchr/objx v0.1.0/go.mod h1:HFkY916IF+rwdDfMAkV7OtwuqBVzrE8GR6GFx+wExME=
github.com/stretchr/testify v1.4.0/go.mod h1:j7eGeouHqKxXV5pUuKE4zz7dFj8WfuZ+81PSLYec5m4=
github.com/stretchr/testify v1.8.0 h1:pSgiaMZlXftHpm5L7V1+rVB+AZJydKsMxsQBIJw4PKk=
github.com/thoas/go-funk v0.9.1 h1:O549iLZqPpTUQ10ykd26sZhzD+rmR5pWhuElrhbC20M=
golang.org/x/exp v0.0.0-20220303212507-bbda1eaf7a17 h1:3MTrJm4PyNL9NBqvYDSj3DHl46qQakyfqfWo4jgfaEM=
golang.org/x/exp v0.0.0-20220303212507-bbda1eaf7a17/go.mod h1:lgLbSvA5ygNOMpwM/9anMpWVlVJ7Z+cHWq/eFuinpGE=
gopkg.in/check.v1 v0.0.0-20161208181325-20d25e280405/go.mod h1:Co6ibVJAznAaIkqp8huTwlJQCZ016jof/cbN4VW5Yz0=
gopkg.in/yaml.v2 v2.2.2/go.mod h1:hI93XBmqTisBFMUTm0b8Fm+jr3Dg1NNxqwp+5A1VGuI=
gopkg.in/yaml.v3 v3.0.1 h1:fxVm/GzAzEWqLHuvctI91KS9hhNmmWOoWu0XTYJS7CA=
